<?xml version="1.0" encoding="utf-8"?>
<Project ToolsVersion="4.0" xmlns="http://schemas.microsoft.com/developer/msbuild/2003">
  <ItemGroup>
    <Filter Include="Source Files">
      <UniqueIdentifier>{4FC737F1-C7A5-4376-A066-2A32D752A2FF}</UniqueIdentifier>
      <Extensions>cpp;c;cc;cxx;def;odl;idl;hpj;bat;asm;asmx</Extensions>
    </Filter>
    <Filter Include="Header Files">
      <UniqueIdentifier>{93995380-89BD-4b04-88EB-625FBE52EBFB}</UniqueIdentifier>
      <Extensions>h;hpp;hxx;hm;inl;inc;xsd</Extensions>
    </Filter>
    <Filter Include="Resource Files">
      <UniqueIdentifier>{67DA6AB6-F800-4c08-8B7A-83BB121AAD01}</UniqueIdentifier>
      <Extensions>rc;ico;cur;bmp;dlg;rc2;rct;bin;rgs;gif;jpg;jpeg;jpe;resx;tiff;tif;png;wav</Extensions>
    </Filter>
    <Filter Include="Scripts">
      <UniqueIdentifier>{2d4710b5-8479-460f-9191-a979f2f0884d}</UniqueIdentifier>
    </Filter>
    <Filter Include="XML">
      <UniqueIdentifier>{582ad4ec-2022-4b82-bb37-74eeac449897}</UniqueIdentifier>
    </Filter>
  </ItemGroup>
  <ItemGroup>
    <ClCompile Include="src\Main.cpp">
      <Filter>Source Files</Filter>
    </ClCompile>
    <ClCompile Include="src\stdafx.cpp">
      <Filter>Header Files</Filter>
    </ClCompile>
    <ClCompile Include="src\TestAppDelegate.cpp">
      <Filter>Source Files</Filter>
    </ClCompile>
    <ClCompile Include="src\MoveTheBoxGUIWidget.cpp">
      <Filter>Source Files</Filter>
    </ClCompile>
    <ClCompile Include="src\DinamicButton.cpp">
      <Filter>Source Files</Filter>
    </ClCompile>
    <ClCompile Include="src\GameSettings.cpp">
      <Filter>Source Files</Filter>
    </ClCompile>
    <ClCompile Include="src\ViewObject.cpp">
      <Filter>Source Files</Filter>
    </ClCompile>
    <ClCompile Include="src\GameField.cpp">
      <Filter>Source Files</Filter>
    </ClCompile>
    <ClCompile Include="src\Event.cpp">
      <Filter>Source Files</Filter>
    </ClCompile>
    <ClCompile Include="src\StringLetirals.cpp">
      <Filter>Source Files</Filter>
    </ClCompile>
    <ClCompile Include="src\Box.cpp">
      <Filter>Source Files</Filter>
    </ClCompile>
    <ClCompile Include="src\LogicField.cpp">
      <Filter>Source Files</Filter>
    </ClCompile>
    <ClCompile Include="src\GameFileReader.cpp">
      <Filter>Source Files</Filter>
    </ClCompile>
    <ClCompile Include="src\GamePosition.cpp">
      <Filter>Source Files</Filter>
    </ClCompile>
    <ClCompile Include="src\LevelList.cpp">
      <Filter>Source Files</Filter>
    </ClCompile>
    <ClCompile Include="src\labelView.cpp">
      <Filter>Source Files</Filter>
    </ClCompile>
    <ClCompile Include="src\ExtensibleSystemPoint.cpp">
      <Filter>Source Files</Filter>
    </ClCompile>
    <ClCompile Include="src\SizableButton.cpp">
      <Filter>Source Files</Filter>
    </ClCompile>
    <ClCompile Include="src\DinamicShowHide.cpp">
      <Filter>Source Files</Filter>
    </ClCompile>
    <ClCompile Include="src\DinamicButtonMoveOut.cpp">
      <Filter>Source Files</Filter>
    </ClCompile>
    <ClCompile Include="src\LevelGenerator.cpp">
      <Filter>Source Files</Filter>
    </ClCompile>
    <ClCompile Include="src\Solver.cpp">
      <Filter>Source Files</Filter>
    </ClCompile>
    <ClCompile Include="src\GameInfo.cpp">
      <Filter>Source Files</Filter>
    </ClCompile>
    <ClCompile Include="src\GameTree.cpp">
      <Filter>Source Files</Filter>
    </ClCompile>
    <ClCompile Include="src\swap.cpp">
      <Filter>Source Files</Filter>
    </ClCompile>
    <ClCompile Include="src\LogFuncs.cpp">
      <Filter>Source Files</Filter>
    </ClCompile>
    <ClCompile Include="src\QuestionBoxMenue.cpp">
      <Filter>Source Files</Filter>
    </ClCompile>
    <ClCompile Include="src\Delta.cpp">
      <Filter>Source Files</Filter>
    </ClCompile>
    <ClCompile Include="src\MxField.cpp">
      <Filter>Source Files</Filter>
    </ClCompile>
    <ClCompile Include="src\BoxType.cpp">
      <Filter>Source Files</Filter>
    </ClCompile>
  </ItemGroup>
  <ItemGroup>
    <ClInclude Include="src\stdafx.h">
      <Filter>Header Files</Filter>
    </ClInclude>
    <ClInclude Include="src\TestAppDelegate.h">
      <Filter>Source Files</Filter>
    </ClInclude>
    <ClInclude Include="src\MoveTheBoxGUIWidget.h">
      <Filter>Source Files</Filter>
    </ClInclude>
    <ClInclude Include="src\DinamicButton.h">
      <Filter>Source Files</Filter>
    </ClInclude>
    <ClInclude Include="src\GameSettings.h">
      <Filter>Source Files</Filter>
    </ClInclude>
    <ClInclude Include="src\ViewObject.h">
      <Filter>Source Files</Filter>
    </ClInclude>
    <ClInclude Include="src\GameField.h">
      <Filter>Source Files</Filter>
    </ClInclude>
    <ClInclude Include="src\Event.h">
      <Filter>Source Files</Filter>
    </ClInclude>
    <ClInclude Include="src\StringLiterals.h">
      <Filter>Source Files</Filter>
    </ClInclude>
    <ClInclude Include="src\Box.h">
      <Filter>Source Files</Filter>
    </ClInclude>
    <ClInclude Include="src\LogicField.h">
      <Filter>Source Files</Filter>
    </ClInclude>
    <ClInclude Include="src\GameFileReader.h">
      <Filter>Source Files</Filter>
    </ClInclude>
    <ClInclude Include="src\GamePosition.h">
      <Filter>Source Files</Filter>
    </ClInclude>
    <ClInclude Include="src\LevelList.h">
      <Filter>Source Files</Filter>
    </ClInclude>
    <ClInclude Include="src\labelView.h">
      <Filter>Source Files</Filter>
    </ClInclude>
    <ClInclude Include="src\ExtensibleSystemPoint.h">
      <Filter>Source Files</Filter>
    </ClInclude>
    <ClInclude Include="src\SizableButton.h">
      <Filter>Source Files</Filter>
    </ClInclude>
    <ClInclude Include="src\DinamicShowHide.h">
      <Filter>Source Files</Filter>
    </ClInclude>
    <ClInclude Include="src\DinamicButtonMoveOut.h">
      <Filter>Source Files</Filter>
    </ClInclude>
    <ClInclude Include="src\LevelGenerator.h">
      <Filter>Source Files</Filter>
    </ClInclude>
    <ClInclude Include="src\GameInfo.h">
      <Filter>Source Files</Filter>
    </ClInclude>
    <ClInclude Include="src\Solver.h">
      <Filter>Source Files</Filter>
    </ClInclude>
    <ClInclude Include="src\GameTree.h">
      <Filter>Source Files</Filter>
    </ClInclude>
    <ClInclude Include="src\swap.h">
      <Filter>Source Files</Filter>
    </ClInclude>
    <ClInclude Include="src\LogFuncs.h">
      <Filter>Source Files</Filter>
    </ClInclude>
    <ClInclude Include="src\QuestionBoxMenue.h">
      <Filter>Source Files</Filter>
    </ClInclude>
    <ClInclude Include="src\Delta.h">
      <Filter>Source Files</Filter>
    </ClInclude>
    <ClInclude Include="src\MxField.h">
      <Filter>Source Files</Filter>
    </ClInclude>
    <ClInclude Include="src\BoxType.h">
      <Filter>Header Files</Filter>
    </ClInclude>
  </ItemGroup>
  <ItemGroup>
    <Xml Include="bin\base_p\Layers.xml">
      <Filter>XML</Filter>
    </Xml>
    <Xml Include="bin\base_p\Resources.xml">
      <Filter>XML</Filter>
    </Xml>
  </ItemGroup>
  <ItemGroup>
    <None Include="bin\base_p\start.lua">
      <Filter>Scripts</Filter>
    </None>
  </ItemGroup>
</Project>